
Microsoft Visual Studio Solution File, Format Version 12.00
# Visual Studio 14
VisualStudioVersion = 14.0.24720.0
MinimumVisualStudioVersion = 10.0.40219.1
Project("{FAE04EC0-301F-11D3-BF4B-00C04F79EFBC}") = "OgarCommon", "OgarCommon\OgarCommon.csproj", "{F7BF2C6F-5317-4F6E-8C02-AE49C958742F}"
EndProject
Project("{FAE04EC0-301F-11D3-BF4B-00C04F79EFBC}") = "OgarCommon.CV", "OgarCommon.CV\OgarCommon.CV.csproj", "{36A0301B-BA12-4107-BBA1-A75E7AFF05A6}"
EndProject
Project("{FAE04EC0-301F-11D3-BF4B-00C04F79EFBC}") = "OgarCommon.Device.IDCard", "OgarCommon.Device.IDCard\OgarCommon.Device.IDCard.csproj", "{571156A8-06FF-4FC5-8FF3-600F0E9A1198}"
EndProject
Project("{FAE04EC0-301F-11D3-BF4B-00C04F79EFBC}") = "OgarCommon.DB", "OgarCommon.DB\OgarCommon.DB.csproj", "{A29B6D73-355A-4516-92D4-9031E1360EA8}"
EndProject
Project("{FAE04EC0-301F-11D3-BF4B-00C04F79EFBC}") = "OgarCommon.Device.UsbCamera", "OgarCommon.Device.UsbCamera\OgarCommon.Device.UsbCamera.csproj", "{BB3B8E2C-F8C9-4F9C-83C9-45CB9E210FDB}"
EndProject
Project("{FAE04EC0-301F-11D3-BF4B-00C04F79EFBC}") = "OgarCommon.Cryption", "OgarCommon.Cryption\OgarCommon.Cryption.csproj", "{DAB7C77B-3182-496E-84E7-04464F4AF03D}"
EndProject
Project("{FAE04EC0-301F-11D3-BF4B-00C04F79EFBC}") = "OagrCommon.WPF.ExtentionToolkits", "OagrCommon.WPF.ExtentionToolkits\OagrCommon.WPF.ExtentionToolkits.csproj", "{32625E62-6545-4631-85E1-C223D964FB5C}"
EndProject
Project("{FAE04EC0-301F-11D3-BF4B-00C04F79EFBC}") = "OgarCommon.WPF.LokTarMarkup", "OgarCommon.WPF.LokTarMarkup\OgarCommon.WPF.LokTarMarkup.csproj", "{39171122-200D-426C-BFFB-3462E60106BE}"
EndProject
Global
	GlobalSection(SolutionConfigurationPlatforms) = preSolution
		Debug|Any CPU = Debug|Any CPU
		Release|Any CPU = Release|Any CPU
	EndGlobalSection
	GlobalSection(ProjectConfigurationPlatforms) = postSolution
		{F7BF2C6F-5317-4F6E-8C02-AE49C958742F}.Debug|Any CPU.ActiveCfg = Debug|Any CPU
		{F7BF2C6F-5317-4F6E-8C02-AE49C958742F}.Debug|Any CPU.Build.0 = Debug|Any CPU
		{F7BF2C6F-5317-4F6E-8C02-AE49C958742F}.Release|Any CPU.ActiveCfg = Release|Any CPU
		{F7BF2C6F-5317-4F6E-8C02-AE49C958742F}.Release|Any CPU.Build.0 = Release|Any CPU
		{36A0301B-BA12-4107-BBA1-A75E7AFF05A6}.Debug|Any CPU.ActiveCfg = Debug|Any CPU
		{36A0301B-BA12-4107-BBA1-A75E7AFF05A6}.Debug|Any CPU.Build.0 = Debug|Any CPU
		{36A0301B-BA12-4107-BBA1-A75E7AFF05A6}.Release|Any CPU.ActiveCfg = Release|Any CPU
		{36A0301B-BA12-4107-BBA1-A75E7AFF05A6}.Release|Any CPU.Build.0 = Release|Any CPU
		{571156A8-06FF-4FC5-8FF3-600F0E9A1198}.Debug|Any CPU.ActiveCfg = Debug|Any CPU
		{571156A8-06FF-4FC5-8FF3-600F0E9A1198}.Debug|Any CPU.Build.0 = Debug|Any CPU
		{571156A8-06FF-4FC5-8FF3-600F0E9A1198}.Release|Any CPU.ActiveCfg = Release|Any CPU
		{571156A8-06FF-4FC5-8FF3-600F0E9A1198}.Release|Any CPU.Build.0 = Release|Any CPU
		{A29B6D73-355A-4516-92D4-9031E1360EA8}.Debug|Any CPU.ActiveCfg = Debug|Any CPU
		{A29B6D73-355A-4516-92D4-9031E1360EA8}.Debug|Any CPU.Build.0 = Debug|Any CPU
		{A29B6D73-355A-4516-92D4-9031E1360EA8}.Release|Any CPU.ActiveCfg = Release|Any CPU
		{A29B6D73-355A-4516-92D4-9031E1360EA8}.Release|Any CPU.Build.0 = Release|Any CPU
		{BB3B8E2C-F8C9-4F9C-83C9-45CB9E210FDB}.Debug|Any CPU.ActiveCfg = Debug|Any CPU
		{BB3B8E2C-F8C9-4F9C-83C9-45CB9E210FDB}.Debug|Any CPU.Build.0 = Debug|Any CPU
		{BB3B8E2C-F8C9-4F9C-83C9-45CB9E210FDB}.Release|Any CPU.ActiveCfg = Release|Any CPU
		{BB3B8E2C-F8C9-4F9C-83C9-45CB9E210FDB}.Release|Any CPU.Build.0 = Release|Any CPU
		{DAB7C77B-3182-496E-84E7-04464F4AF03D}.Debug|Any CPU.ActiveCfg = Debug|Any CPU
		{DAB7C77B-3182-496E-84E7-04464F4AF03D}.Debug|Any CPU.Build.0 = Debug|Any CPU
		{DAB7C77B-3182-496E-84E7-04464F4AF03D}.Release|Any CPU.ActiveCfg = Release|Any CPU
		{DAB7C77B-3182-496E-84E7-04464F4AF03D}.Release|Any CPU.Build.0 = Release|Any CPU
		{32625E62-6545-4631-85E1-C223D964FB5C}.Debug|Any CPU.ActiveCfg = Debug|Any CPU
		{32625E62-6545-4631-85E1-C223D964FB5C}.Debug|Any CPU.Build.0 = Debug|Any CPU
		{32625E62-6545-4631-85E1-C223D964FB5C}.Release|Any CPU.ActiveCfg = Release|Any CPU
		{32625E62-6545-4631-85E1-C223D964FB5C}.Release|Any CPU.Build.0 = Release|Any CPU
		{39171122-200D-426C-BFFB-3462E60106BE}.Debug|Any CPU.ActiveCfg = Debug|Any CPU
		{39171122-200D-426C-BFFB-3462E60106BE}.Debug|Any CPU.Build.0 = Debug|Any CPU
		{39171122-200D-426C-BFFB-3462E60106BE}.Release|Any CPU.ActiveCfg = Release|Any CPU
		{39171122-200D-426C-BFFB-3462E60106BE}.Release|Any CPU.Build.0 = Release|Any CPU
	EndGlobalSection
	GlobalSection(SolutionProperties) = preSolution
		HideSolutionNode = FALSE
	EndGlobalSection
EndGlobal
